
Microsoft Visual Studio Solution File, Format Version 12.00
# Visual Studio Version 17
VisualStudioVersion = 17.5.002.0
MinimumVisualStudioVersion = 10.0.40219.1
Project("{9A19103F-16F7-4668-BE54-9A1E7A4F7556}") = "mis-221-lab-4-nnajii", "mis-221-lab-4-nnajii.csproj", "{53998E27-A1AE-410B-985C-0675ACDBC8C2}"
EndProject
Global
	GlobalSection(SolutionConfigurationPlatforms) = preSolution
		Debug|Any CPU = Debug|Any CPU
		Release|Any CPU = Release|Any CPU
	EndGlobalSection
	GlobalSection(ProjectConfigurationPlatforms) = postSolution
		{53998E27-A1AE-410B-985C-0675ACDBC8C2}.Debug|Any CPU.ActiveCfg = Debug|Any CPU
		{53998E27-A1AE-410B-985C-0675ACDBC8C2}.Debug|Any CPU.Build.0 = Debug|Any CPU
		{53998E27-A1AE-410B-985C-0675ACDBC8C2}.Release|Any CPU.ActiveCfg = Release|Any CPU
		{53998E27-A1AE-410B-985C-0675ACDBC8C2}.Release|Any CPU.Build.0 = Release|Any CPU
	EndGlobalSection
	GlobalSection(SolutionProperties) = preSolution
		HideSolutionNode = FALSE
	EndGlobalSection
	GlobalSection(ExtensibilityGlobals) = postSolution
		SolutionGuid = {A66D4FF8-369F-4BFA-93EA-A865CF75AC7E}
	EndGlobalSection
EndGlobal
